
Microsoft Visual Studio Solution File, Format Version 12.00
# Visual Studio Version 17
VisualStudioVersion = 17.11.35312.102
MinimumVisualStudioVersion = 10.0.40219.1
Project("{FAE04EC0-301F-11D3-BF4B-00C04F79EFBC}") = "ASFPlaytime", "ASFPlaytime\ASFPlaytime.csproj", "{ACD0EC14-9D83-4E82-A822-71A25399DBCB}"
EndProject
Project("{9A19103F-16F7-4668-BE54-9A1E7A4F7556}") = "ArchiSteamFarm", "ArchiSteamFarm\ArchiSteamFarm\ArchiSteamFarm.csproj", "{40BD5FAB-70A4-447A-B34F-CC6E24CDAC87}"
EndProject
Project("{2150E333-8FDC-42A3-9474-1A3956D46DE8}") = "解决方案项", "解决方案项", "{F8966E22-AEBD-4122-948E-24BA5E8DA5DD}"
	ProjectSection(SolutionItems) = preProject
		Directory.Build.props = Directory.Build.props
		Directory.Packages.props = Directory.Packages.props
	EndProjectSection
EndProject
Global
	GlobalSection(SolutionConfigurationPlatforms) = preSolution
		Debug|Any CPU = Debug|Any CPU
		Release|Any CPU = Release|Any CPU
	EndGlobalSection
	GlobalSection(ProjectConfigurationPlatforms) = postSolution
		{ACD0EC14-9D83-4E82-A822-71A25399DBCB}.Debug|Any CPU.ActiveCfg = Debug|Any CPU
		{ACD0EC14-9D83-4E82-A822-71A25399DBCB}.Debug|Any CPU.Build.0 = Debug|Any CPU
		{ACD0EC14-9D83-4E82-A822-71A25399DBCB}.Release|Any CPU.ActiveCfg = Release|Any CPU
		{ACD0EC14-9D83-4E82-A822-71A25399DBCB}.Release|Any CPU.Build.0 = Release|Any CPU
		{40BD5FAB-70A4-447A-B34F-CC6E24CDAC87}.Debug|Any CPU.ActiveCfg = Debug|Any CPU
		{40BD5FAB-70A4-447A-B34F-CC6E24CDAC87}.Debug|Any CPU.Build.0 = Debug|Any CPU
		{40BD5FAB-70A4-447A-B34F-CC6E24CDAC87}.Release|Any CPU.ActiveCfg = Release|Any CPU
		{40BD5FAB-70A4-447A-B34F-CC6E24CDAC87}.Release|Any CPU.Build.0 = Release|Any CPU
	EndGlobalSection
	GlobalSection(SolutionProperties) = preSolution
		HideSolutionNode = FALSE
	EndGlobalSection
	GlobalSection(ExtensibilityGlobals) = postSolution
		SolutionGuid = {ACB382E5-5ECB-4890-8E17-6782DD5E464B}
	EndGlobalSection
EndGlobal
